
Microsoft Visual Studio Solution File, Format Version 12.00
# Visual Studio Version 16
VisualStudioVersion = 16.0.29709.97
MinimumVisualStudioVersion = 10.0.40219.1
Project("{6EC3EE1D-3C4E-46DD-8F32-0CC8E7565705}") = "Lesson02", "Lesson2\Lesson02.fsproj", "{3F74541D-8E44-4885-9F37-9A1833167647}"
EndProject
Project("{6EC3EE1D-3C4E-46DD-8F32-0CC8E7565705}") = "Lesson04", "Lesson4\Lesson04.fsproj", "{665EF601-18E9-4EE6-BC27-8E903EF59EF0}"
EndProject
Project("{6EC3EE1D-3C4E-46DD-8F32-0CC8E7565705}") = "Lesson05", "Lesson05\Lesson05.fsproj", "{ACF295B5-AE8B-4B9B-B834-0F698330BE5F}"
EndProject
Project("{6EC3EE1D-3C4E-46DD-8F32-0CC8E7565705}") = "Lesson06", "Lesson06\Lesson06.fsproj", "{EB930EF7-5DCD-4588-A639-5D41D4C6ADA5}"
EndProject
Project("{6EC3EE1D-3C4E-46DD-8F32-0CC8E7565705}") = "Lesson07", "Lesson07\Lesson07.fsproj", "{7A93A6DB-D160-4AC3-B6A7-67C026727C24}"
EndProject
Project("{6EC3EE1D-3C4E-46DD-8F32-0CC8E7565705}") = "Lesson08", "Lesson08\Lesson08.fsproj", "{31EF790A-6C51-4434-9AFB-2535F75EF534}"
EndProject
Project("{6EC3EE1D-3C4E-46DD-8F32-0CC8E7565705}") = "Lesson09", "Lesson9\Lesson09.fsproj", "{F988F08D-FC20-4A86-B48F-6CC41E5004C5}"
EndProject
Project("{2150E333-8FDC-42A3-9474-1A3956D46DE8}") = "Unit01", "Unit01", "{51986F4D-E30B-4702-BE70-67E3672594E4}"
EndProject
Project("{2150E333-8FDC-42A3-9474-1A3956D46DE8}") = "Unit02", "Unit02", "{A5ABEA76-9FEF-4078-8778-6661D4DF98D8}"
EndProject
Project("{2150E333-8FDC-42A3-9474-1A3956D46DE8}") = "Unit03", "Unit03", "{3CDF38C6-D4F2-48F5-9E89-2A638EA8FA17}"
EndProject
Project("{F2A71F9B-5D33-465A-A702-920D77279786}") = "Lesson10", "Lesson10\Lesson10.fsproj", "{299AD2EB-A491-48EF-9594-F6966EB8073A}"
EndProject
Project("{F2A71F9B-5D33-465A-A702-920D77279786}") = "Lesson11", "Lesson11\Lesson11.fsproj", "{3B5F9570-AEC4-47AA-A247-24BDA1A93529}"
EndProject
Project("{F2A71F9B-5D33-465A-A702-920D77279786}") = "Lesson12", "Lesson12\Lesson12.fsproj", "{69F5A716-1CC9-4816-B14C-EDD699432CDC}"
EndProject
Project("{F2A71F9B-5D33-465A-A702-920D77279786}") = "Lesson13", "Lesson13\Lesson13.fsproj", "{8F5B731B-B9F6-45C4-8762-FBAB212D1576}"
EndProject
Project("{F2A71F9B-5D33-465A-A702-920D77279786}") = "Lesson14", "Lesson14\Lesson14.fsproj", "{0F3CF16D-F883-4756-A06A-12B316BB0B55}"
EndProject
Global
	GlobalSection(SolutionConfigurationPlatforms) = preSolution
		Debug|Any CPU = Debug|Any CPU
		Release|Any CPU = Release|Any CPU
	EndGlobalSection
	GlobalSection(ProjectConfigurationPlatforms) = postSolution
		{3F74541D-8E44-4885-9F37-9A1833167647}.Debug|Any CPU.ActiveCfg = Debug|Any CPU
		{3F74541D-8E44-4885-9F37-9A1833167647}.Debug|Any CPU.Build.0 = Debug|Any CPU
		{3F74541D-8E44-4885-9F37-9A1833167647}.Release|Any CPU.ActiveCfg = Release|Any CPU
		{3F74541D-8E44-4885-9F37-9A1833167647}.Release|Any CPU.Build.0 = Release|Any CPU
		{665EF601-18E9-4EE6-BC27-8E903EF59EF0}.Debug|Any CPU.ActiveCfg = Debug|Any CPU
		{665EF601-18E9-4EE6-BC27-8E903EF59EF0}.Debug|Any CPU.Build.0 = Debug|Any CPU
		{665EF601-18E9-4EE6-BC27-8E903EF59EF0}.Release|Any CPU.ActiveCfg = Release|Any CPU
		{665EF601-18E9-4EE6-BC27-8E903EF59EF0}.Release|Any CPU.Build.0 = Release|Any CPU
		{ACF295B5-AE8B-4B9B-B834-0F698330BE5F}.Debug|Any CPU.ActiveCfg = Debug|Any CPU
		{ACF295B5-AE8B-4B9B-B834-0F698330BE5F}.Debug|Any CPU.Build.0 = Debug|Any CPU
		{ACF295B5-AE8B-4B9B-B834-0F698330BE5F}.Release|Any CPU.ActiveCfg = Release|Any CPU
		{ACF295B5-AE8B-4B9B-B834-0F698330BE5F}.Release|Any CPU.Build.0 = Release|Any CPU
		{EB930EF7-5DCD-4588-A639-5D41D4C6ADA5}.Debug|Any CPU.ActiveCfg = Debug|Any CPU
		{EB930EF7-5DCD-4588-A639-5D41D4C6ADA5}.Debug|Any CPU.Build.0 = Debug|Any CPU
		{EB930EF7-5DCD-4588-A639-5D41D4C6ADA5}.Release|Any CPU.ActiveCfg = Release|Any CPU
		{EB930EF7-5DCD-4588-A639-5D41D4C6ADA5}.Release|Any CPU.Build.0 = Release|Any CPU
		{7A93A6DB-D160-4AC3-B6A7-67C026727C24}.Debug|Any CPU.ActiveCfg = Debug|Any CPU
		{7A93A6DB-D160-4AC3-B6A7-67C026727C24}.Debug|Any CPU.Build.0 = Debug|Any CPU
		{7A93A6DB-D160-4AC3-B6A7-67C026727C24}.Release|Any CPU.ActiveCfg = Release|Any CPU
		{7A93A6DB-D160-4AC3-B6A7-67C026727C24}.Release|Any CPU.Build.0 = Release|Any CPU
		{31EF790A-6C51-4434-9AFB-2535F75EF534}.Debug|Any CPU.ActiveCfg = Debug|Any CPU
		{31EF790A-6C51-4434-9AFB-2535F75EF534}.Debug|Any CPU.Build.0 = Debug|Any CPU
		{31EF790A-6C51-4434-9AFB-2535F75EF534}.Release|Any CPU.ActiveCfg = Release|Any CPU
		{31EF790A-6C51-4434-9AFB-2535F75EF534}.Release|Any CPU.Build.0 = Release|Any CPU
		{F988F08D-FC20-4A86-B48F-6CC41E5004C5}.Debug|Any CPU.ActiveCfg = Debug|Any CPU
		{F988F08D-FC20-4A86-B48F-6CC41E5004C5}.Debug|Any CPU.Build.0 = Debug|Any CPU
		{F988F08D-FC20-4A86-B48F-6CC41E5004C5}.Release|Any CPU.ActiveCfg = Release|Any CPU
		{F988F08D-FC20-4A86-B48F-6CC41E5004C5}.Release|Any CPU.Build.0 = Release|Any CPU
		{299AD2EB-A491-48EF-9594-F6966EB8073A}.Debug|Any CPU.ActiveCfg = Debug|Any CPU
		{299AD2EB-A491-48EF-9594-F6966EB8073A}.Debug|Any CPU.Build.0 = Debug|Any CPU
		{299AD2EB-A491-48EF-9594-F6966EB8073A}.Release|Any CPU.ActiveCfg = Release|Any CPU
		{299AD2EB-A491-48EF-9594-F6966EB8073A}.Release|Any CPU.Build.0 = Release|Any CPU
		{3B5F9570-AEC4-47AA-A247-24BDA1A93529}.Debug|Any CPU.ActiveCfg = Debug|Any CPU
		{3B5F9570-AEC4-47AA-A247-24BDA1A93529}.Debug|Any CPU.Build.0 = Debug|Any CPU
		{3B5F9570-AEC4-47AA-A247-24BDA1A93529}.Release|Any CPU.ActiveCfg = Release|Any CPU
		{3B5F9570-AEC4-47AA-A247-24BDA1A93529}.Release|Any CPU.Build.0 = Release|Any CPU
		{69F5A716-1CC9-4816-B14C-EDD699432CDC}.Debug|Any CPU.ActiveCfg = Debug|Any CPU
		{69F5A716-1CC9-4816-B14C-EDD699432CDC}.Debug|Any CPU.Build.0 = Debug|Any CPU
		{69F5A716-1CC9-4816-B14C-EDD699432CDC}.Release|Any CPU.ActiveCfg = Release|Any CPU
		{69F5A716-1CC9-4816-B14C-EDD699432CDC}.Release|Any CPU.Build.0 = Release|Any CPU
		{8F5B731B-B9F6-45C4-8762-FBAB212D1576}.Debug|Any CPU.ActiveCfg = Debug|Any CPU
		{8F5B731B-B9F6-45C4-8762-FBAB212D1576}.Debug|Any CPU.Build.0 = Debug|Any CPU
		{8F5B731B-B9F6-45C4-8762-FBAB212D1576}.Release|Any CPU.ActiveCfg = Release|Any CPU
		{8F5B731B-B9F6-45C4-8762-FBAB212D1576}.Release|Any CPU.Build.0 = Release|Any CPU
		{0F3CF16D-F883-4756-A06A-12B316BB0B55}.Debug|Any CPU.ActiveCfg = Debug|Any CPU
		{0F3CF16D-F883-4756-A06A-12B316BB0B55}.Debug|Any CPU.Build.0 = Debug|Any CPU
		{0F3CF16D-F883-4756-A06A-12B316BB0B55}.Release|Any CPU.ActiveCfg = Release|Any CPU
		{0F3CF16D-F883-4756-A06A-12B316BB0B55}.Release|Any CPU.Build.0 = Release|Any CPU
	EndGlobalSection
	GlobalSection(SolutionProperties) = preSolution
		HideSolutionNode = FALSE
	EndGlobalSection
	GlobalSection(NestedProjects) = preSolution
		{3F74541D-8E44-4885-9F37-9A1833167647} = {51986F4D-E30B-4702-BE70-67E3672594E4}
		{665EF601-18E9-4EE6-BC27-8E903EF59EF0} = {51986F4D-E30B-4702-BE70-67E3672594E4}
		{ACF295B5-AE8B-4B9B-B834-0F698330BE5F} = {A5ABEA76-9FEF-4078-8778-6661D4DF98D8}
		{EB930EF7-5DCD-4588-A639-5D41D4C6ADA5} = {A5ABEA76-9FEF-4078-8778-6661D4DF98D8}
		{7A93A6DB-D160-4AC3-B6A7-67C026727C24} = {A5ABEA76-9FEF-4078-8778-6661D4DF98D8}
		{31EF790A-6C51-4434-9AFB-2535F75EF534} = {A5ABEA76-9FEF-4078-8778-6661D4DF98D8}
		{F988F08D-FC20-4A86-B48F-6CC41E5004C5} = {3CDF38C6-D4F2-48F5-9E89-2A638EA8FA17}
		{299AD2EB-A491-48EF-9594-F6966EB8073A} = {3CDF38C6-D4F2-48F5-9E89-2A638EA8FA17}
		{3B5F9570-AEC4-47AA-A247-24BDA1A93529} = {3CDF38C6-D4F2-48F5-9E89-2A638EA8FA17}
		{69F5A716-1CC9-4816-B14C-EDD699432CDC} = {3CDF38C6-D4F2-48F5-9E89-2A638EA8FA17}
		{8F5B731B-B9F6-45C4-8762-FBAB212D1576} = {3CDF38C6-D4F2-48F5-9E89-2A638EA8FA17}
		{0F3CF16D-F883-4756-A06A-12B316BB0B55} = {3CDF38C6-D4F2-48F5-9E89-2A638EA8FA17}
	EndGlobalSection
	GlobalSection(ExtensibilityGlobals) = postSolution
		SolutionGuid = {C8CB79EA-5575-4148-A11F-4A5FEAB8ED1E}
	EndGlobalSection
EndGlobal
